// !$*UTF8*$!
{
	archiveVersion = 1;
	classes = {
	};
	objectVersion = 56;
	objects = {

/* Begin PBXBuildFile section */
		F02BDB4C29D5FDC3002F1D47 /* MPPeersView.swift in Sources */ = {isa = PBXBuildFile; fileRef = F02BDB4B29D5FDC3002F1D47 /* MPPeersView.swift */; };
		F03DED0429D4F9E500CE88F0 /* YourNameView.swift in Sources */ = {isa = PBXBuildFile; fileRef = F03DED0329D4F9E500CE88F0 /* YourNameView.swift */; };
		F03DED0829D5086500CE88F0 /* MPConnectionManager.swift in Sources */ = {isa = PBXBuildFile; fileRef = F03DED0729D5086500CE88F0 /* MPConnectionManager.swift */; };
		F04E442729C533D500D02AFA /* AppEntry.swift in Sources */ = {isa = PBXBuildFile; fileRef = F04E442629C533D500D02AFA /* AppEntry.swift */; };
		F04E442929C533D500D02AFA /* StartView.swift in Sources */ = {isa = PBXBuildFile; fileRef = F04E442829C533D500D02AFA /* StartView.swift */; };
		F04E442B29C533D500D02AFA /* Assets.xcassets in Resources */ = {isa = PBXBuildFile; fileRef = F04E442A29C533D500D02AFA /* Assets.xcassets */; };
		F04E442E29C533D500D02AFA /* Preview Assets.xcassets in Resources */ = {isa = PBXBuildFile; fileRef = F04E442D29C533D500D02AFA /* Preview Assets.xcassets */; };
		F06512F829CA7EF4005F122B /* GameModels.swift in Sources */ = {isa = PBXBuildFile; fileRef = F06512F729CA7EF4005F122B /* GameModels.swift */; };
		F0715FB029D1218200DE6A5C /* ViewModifiers.swift in Sources */ = {isa = PBXBuildFile; fileRef = F0715FAF29D1218200DE6A5C /* ViewModifiers.swift */; };
		F0715FB329D133B200DE6A5C /* GameView.swift in Sources */ = {isa = PBXBuildFile; fileRef = F0715FB229D133B200DE6A5C /* GameView.swift */; };
		F0715FF429D257F700DE6A5C /* GameService.swift in Sources */ = {isa = PBXBuildFile; fileRef = F0715FF329D257F700DE6A5C /* GameService.swift */; };
		F071605E29D3E23F00DE6A5C /* GameSquare.swift in Sources */ = {isa = PBXBuildFile; fileRef = F071605D29D3E23F00DE6A5C /* GameSquare.swift */; };
		F071606029D3E49C00DE6A5C /* SquareView.swift in Sources */ = {isa = PBXBuildFile; fileRef = F071605F29D3E49C00DE6A5C /* SquareView.swift */; };
		F071954129CA772900D65C9B /* Launch Screen.storyboard in Resources */ = {isa = PBXBuildFile; fileRef = F071954029CA772900D65C9B /* Launch Screen.storyboard */; };
		F08F379729D56025003DB60E /* MPGameMove.swift in Sources */ = {isa = PBXBuildFile; fileRef = F08F379629D56025003DB60E /* MPGameMove.swift */; };
/* End PBXBuildFile section */

/* Begin PBXContainerItemProxy section */
		F04E443429C533D600D02AFA /* PBXContainerItemProxy */ = {
			isa = PBXContainerItemProxy;
			containerPortal = F04E441B29C533D500D02AFA /* Project object */;
			proxyType = 1;
			remoteGlobalIDString = F04E442229C533D500D02AFA;
			remoteInfo = "Tic Tac Toe";
		};
		F04E443E29C533D600D02AFA /* PBXContainerItemProxy */ = {
			isa = PBXContainerItemProxy;
			containerPortal = F04E441B29C533D500D02AFA /* Project object */;
			proxyType = 1;
			remoteGlobalIDString = F04E442229C533D500D02AFA;
			remoteInfo = "Tic Tac Toe";
		};
/* End PBXContainerItemProxy section */

/* Begin PBXFileReference section */
		F02BDB4B29D5FDC3002F1D47 /* MPPeersView.swift */ = {isa = PBXFileReference; lastKnownFileType = sourcecode.swift; path = MPPeersView.swift; sourceTree = "<group>"; };
		F03DED0329D4F9E500CE88F0 /* YourNameView.swift */ = {isa = PBXFileReference; lastKnownFileType = sourcecode.swift; path = YourNameView.swift; sourceTree = "<group>"; };
		F03DED0529D507CF00CE88F0 /* Tic-Tac-Toe-Info.plist */ = {isa = PBXFileReference; lastKnownFileType = text.plist; path = "Tic-Tac-Toe-Info.plist"; sourceTree = SOURCE_ROOT; };
		F03DED0729D5086500CE88F0 /* MPConnectionManager.swift */ = {isa = PBXFileReference; lastKnownFileType = sourcecode.swift; path = MPConnectionManager.swift; sourceTree = "<group>"; };
		F04E442329C533D500D02AFA /* Tic Tac Toe.app */ = {isa = PBXFileReference; explicitFileType = wrapper.application; includeInIndex = 0; path = "Tic Tac Toe.app"; sourceTree = BUILT_PRODUCTS_DIR; };
		F04E442629C533D500D02AFA /* AppEntry.swift */ = {isa = PBXFileReference; lastKnownFileType = sourcecode.swift; path = AppEntry.swift; sourceTree = "<group>"; };
		F04E442829C533D500D02AFA /* StartView.swift */ = {isa = PBXFileReference; lastKnownFileType = sourcecode.swift; path = StartView.swift; sourceTree = "<group>"; };
		F04E442A29C533D500D02AFA /* Assets.xcassets */ = {isa = PBXFileReference; lastKnownFileType = folder.assetcatalog; path = Assets.xcassets; sourceTree = "<group>"; };
		F04E442D29C533D500D02AFA /* Preview Assets.xcassets */ = {isa = PBXFileReference; lastKnownFileType = folder.assetcatalog; path = "Preview Assets.xcassets"; sourceTree = "<group>"; };
		F04E443329C533D600D02AFA /* Tic Tac ToeTests.xctest */ = {isa = PBXFileReference; explicitFileType = wrapper.cfbundle; includeInIndex = 0; path = "Tic Tac ToeTests.xctest"; sourceTree = BUILT_PRODUCTS_DIR; };
		F04E443D29C533D600D02AFA /* Tic Tac ToeUITests.xctest */ = {isa = PBXFileReference; explicitFileType = wrapper.cfbundle; includeInIndex = 0; path = "Tic Tac ToeUITests.xctest"; sourceTree = BUILT_PRODUCTS_DIR; };
		F06512F729CA7EF4005F122B /* GameModels.swift */ = {isa = PBXFileReference; lastKnownFileType = sourcecode.swift; path = GameModels.swift; sourceTree = "<group>"; };
		F0715FAF29D1218200DE6A5C /* ViewModifiers.swift */ = {isa = PBXFileReference; lastKnownFileType = sourcecode.swift; path = ViewModifiers.swift; sourceTree = "<group>"; };
		F0715FB229D133B200DE6A5C /* GameView.swift */ = {isa = PBXFileReference; lastKnownFileType = sourcecode.swift; path = GameView.swift; sourceTree = "<group>"; };
		F0715FF329D257F700DE6A5C /* GameService.swift */ = {isa = PBXFileReference; lastKnownFileType = sourcecode.swift; path = GameService.swift; sourceTree = "<group>"; };
		F071605D29D3E23F00DE6A5C /* GameSquare.swift */ = {isa = PBXFileReference; lastKnownFileType = sourcecode.swift; path = GameSquare.swift; sourceTree = "<group>"; };
		F071605F29D3E49C00DE6A5C /* SquareView.swift */ = {isa = PBXFileReference; lastKnownFileType = sourcecode.swift; path = SquareView.swift; sourceTree = "<group>"; };
		F071954029CA772900D65C9B /* Launch Screen.storyboard */ = {isa = PBXFileReference; lastKnownFileType = file.storyboard; path = "Launch Screen.storyboard"; sourceTree = "<group>"; };
		F08F379629D56025003DB60E /* MPGameMove.swift */ = {isa = PBXFileReference; lastKnownFileType = sourcecode.swift; path = MPGameMove.swift; sourceTree = "<group>"; };
/* End PBXFileReference section */

/* Begin PBXFrameworksBuildPhase section */
		F04E442029C533D500D02AFA /* Frameworks */ = {
			isa = PBXFrameworksBuildPhase;
			buildActionMask = 2147483647;
			files = (
			);
			runOnlyForDeploymentPostprocessing = 0;
		};
		F04E443029C533D600D02AFA /* Frameworks */ = {
			isa = PBXFrameworksBuildPhase;
			buildActionMask = 2147483647;
			files = (
			);
			runOnlyForDeploymentPostprocessing = 0;
		};
		F04E443A29C533D600D02AFA /* Frameworks */ = {
			isa = PBXFrameworksBuildPhase;
			buildActionMask = 2147483647;
			files = (
			);
			runOnlyForDeploymentPostprocessing = 0;
		};
/* End PBXFrameworksBuildPhase section */

/* Begin PBXGroup section */
		F03DED0629D5084000CE88F0 /* MultiPeerConectivity */ = {
			isa = PBXGroup;
			children = (
				F03DED0729D5086500CE88F0 /* MPConnectionManager.swift */,
				F08F379629D56025003DB60E /* MPGameMove.swift */,
				F02BDB4B29D5FDC3002F1D47 /* MPPeersView.swift */,
			);
			path = MultiPeerConectivity;
			sourceTree = "<group>";
		};
		F04E441A29C533D500D02AFA = {
			isa = PBXGroup;
			children = (
				F04E442529C533D500D02AFA /* Tic Tac Toe */,
				F04E442429C533D500D02AFA /* Products */,
			);
			sourceTree = "<group>";
		};
		F04E442429C533D500D02AFA /* Products */ = {
			isa = PBXGroup;
			children = (
				F04E442329C533D500D02AFA /* Tic Tac Toe.app */,
				F04E443329C533D600D02AFA /* Tic Tac ToeTests.xctest */,
				F04E443D29C533D600D02AFA /* Tic Tac ToeUITests.xctest */,
			);
			name = Products;
			sourceTree = "<group>";
		};
		F04E442529C533D500D02AFA /* Tic Tac Toe */ = {
			isa = PBXGroup;
			children = (
				F03DED0529D507CF00CE88F0 /* Tic-Tac-Toe-Info.plist */,
				F04E442629C533D500D02AFA /* AppEntry.swift */,
				F04E442829C533D500D02AFA /* StartView.swift */,
				F03DED0329D4F9E500CE88F0 /* YourNameView.swift */,
				F03DED0629D5084000CE88F0 /* MultiPeerConectivity */,
				F0715FB129D1337900DE6A5C /* Game Screen */,
				F06512F629CA7EE2005F122B /* Models */,
				F0715FAE29D1214800DE6A5C /* Utilities */,
				F04E442A29C533D500D02AFA /* Assets.xcassets */,
				F071954029CA772900D65C9B /* Launch Screen.storyboard */,
				F04E442C29C533D500D02AFA /* Preview Content */,
			);
			path = "Tic Tac Toe";
			sourceTree = "<group>";
		};
		F04E442C29C533D500D02AFA /* Preview Content */ = {
			isa = PBXGroup;
			children = (
				F04E442D29C533D500D02AFA /* Preview Assets.xcassets */,
			);
			path = "Preview Content";
			sourceTree = "<group>";
		};
		F06512F629CA7EE2005F122B /* Models */ = {
			isa = PBXGroup;
			children = (
				F06512F729CA7EF4005F122B /* GameModels.swift */,
			);
			path = Models;
			sourceTree = "<group>";
		};
		F0715FAE29D1214800DE6A5C /* Utilities */ = {
			isa = PBXGroup;
			children = (
				F0715FAF29D1218200DE6A5C /* ViewModifiers.swift */,
			);
			path = Utilities;
			sourceTree = "<group>";
		};
		F0715FB129D1337900DE6A5C /* Game Screen */ = {
			isa = PBXGroup;
			children = (
				F0715FB229D133B200DE6A5C /* GameView.swift */,
				F0715FF329D257F700DE6A5C /* GameService.swift */,
				F071605F29D3E49C00DE6A5C /* SquareView.swift */,
				F071605D29D3E23F00DE6A5C /* GameSquare.swift */,
			);
			path = "Game Screen";
			sourceTree = "<group>";
		};
/* End PBXGroup section */

/* Begin PBXNativeTarget section */
		F04E442229C533D500D02AFA /* Tic Tac Toe */ = {
			isa = PBXNativeTarget;
			buildConfigurationList = F04E444729C533D600D02AFA /* Build configuration list for PBXNativeTarget "Tic Tac Toe" */;
			buildPhases = (
				F04E441F29C533D500D02AFA /* Sources */,
				F04E442029C533D500D02AFA /* Frameworks */,
				F04E442129C533D500D02AFA /* Resources */,
			);
			buildRules = (
			);
			dependencies = (
			);
			name = "Tic Tac Toe";
			productName = "Tic Tac Toe";
			productReference = F04E442329C533D500D02AFA /* Tic Tac Toe.app */;
			productType = "com.apple.product-type.application";
		};
		F04E443229C533D600D02AFA /* Tic Tac ToeTests */ = {
			isa = PBXNativeTarget;
			buildConfigurationList = F04E444A29C533D600D02AFA /* Build configuration list for PBXNativeTarget "Tic Tac ToeTests" */;
			buildPhases = (
				F04E442F29C533D600D02AFA /* Sources */,
				F04E443029C533D600D02AFA /* Frameworks */,
				F04E443129C533D600D02AFA /* Resources */,
			);
			buildRules = (
			);
			dependencies = (
				F04E443529C533D600D02AFA /* PBXTargetDependency */,
			);
			name = "Tic Tac ToeTests";
			productName = "Tic Tac ToeTests";
			productReference = F04E443329C533D600D02AFA /* Tic Tac ToeTests.xctest */;
			productType = "com.apple.product-type.bundle.unit-test";
		};
		F04E443C29C533D600D02AFA /* Tic Tac ToeUITests */ = {
			isa = PBXNativeTarget;
			buildConfigurationList = F04E444D29C533D600D02AFA /* Build configuration list for PBXNativeTarget "Tic Tac ToeUITests" */;
			buildPhases = (
				F04E443929C533D600D02AFA /* Sources */,
				F04E443A29C533D600D02AFA /* Frameworks */,
				F04E443B29C533D600D02AFA /* Resources */,
			);
			buildRules = (
			);
			dependencies = (
				F04E443F29C533D600D02AFA /* PBXTargetDependency */,
			);
			name = "Tic Tac ToeUITests";
			productName = "Tic Tac ToeUITests";
			productReference = F04E443D29C533D600D02AFA /* Tic Tac ToeUITests.xctest */;
			productType = "com.apple.product-type.bundle.ui-testing";
		};
/* End PBXNativeTarget section */

/* Begin PBXProject section */
		F04E441B29C533D500D02AFA /* Project object */ = {
			isa = PBXProject;
			attributes = {
				BuildIndependentTargetsInParallel = 1;
				LastSwiftUpdateCheck = 1420;
				LastUpgradeCheck = 1420;
				TargetAttributes = {
					F04E442229C533D500D02AFA = {
						CreatedOnToolsVersion = 14.2;
					};
					F04E443229C533D600D02AFA = {
						CreatedOnToolsVersion = 14.2;
						TestTargetID = F04E442229C533D500D02AFA;
					};
					F04E443C29C533D600D02AFA = {
						CreatedOnToolsVersion = 14.2;
						TestTargetID = F04E442229C533D500D02AFA;
					};
				};
			};
			buildConfigurationList = F04E441E29C533D500D02AFA /* Build configuration list for PBXProject "Tic Tac Toe" */;
			compatibilityVersion = "Xcode 14.0";
			developmentRegion = en;
			hasScannedForEncodings = 0;
			knownRegions = (
				en,
				Base,
			);
			mainGroup = F04E441A29C533D500D02AFA;
			productRefGroup = F04E442429C533D500D02AFA /* Products */;
			projectDirPath = "";
			projectRoot = "";
			targets = (
				F04E442229C533D500D02AFA /* Tic Tac Toe */,
				F04E443229C533D600D02AFA /* Tic Tac ToeTests */,
				F04E443C29C533D600D02AFA /* Tic Tac ToeUITests */,
			);
		};
/* End PBXProject section */

/* Begin PBXResourcesBuildPhase section */
		F04E442129C533D500D02AFA /* Resources */ = {
			isa = PBXResourcesBuildPhase;
			buildActionMask = 2147483647;
			files = (
				F071954129CA772900D65C9B /* Launch Screen.storyboard in Resources */,
				F04E442E29C533D500D02AFA /* Preview Assets.xcassets in Resources */,
				F04E442B29C533D500D02AFA /* Assets.xcassets in Resources */,
			);
			runOnlyForDeploymentPostprocessing = 0;
		};
		F04E443129C533D600D02AFA /* Resources */ = {
			isa = PBXResourcesBuildPhase;
			buildActionMask = 2147483647;
			files = (
			);
			runOnlyForDeploymentPostprocessing = 0;
		};
		F04E443B29C533D600D02AFA /* Resources */ = {
			isa = PBXResourcesBuildPhase;
			buildActionMask = 2147483647;
			files = (
			);
			runOnlyForDeploymentPostprocessing = 0;
		};
/* End PBXResourcesBuildPhase section */

/* Begin PBXSourcesBuildPhase section */
		F04E441F29C533D500D02AFA /* Sources */ = {
			isa = PBXSourcesBuildPhase;
			buildActionMask = 2147483647;
			files = (
				F08F379729D56025003DB60E /* MPGameMove.swift in Sources */,
				F03DED0429D4F9E500CE88F0 /* YourNameView.swift in Sources */,
				F0715FF429D257F700DE6A5C /* GameService.swift in Sources */,
				F04E442929C533D500D02AFA /* StartView.swift in Sources */,
				F06512F829CA7EF4005F122B /* GameModels.swift in Sources */,
				F04E442729C533D500D02AFA /* AppEntry.swift in Sources */,
				F0715FB029D1218200DE6A5C /* ViewModifiers.swift in Sources */,
				F02BDB4C29D5FDC3002F1D47 /* MPPeersView.swift in Sources */,
				F03DED0829D5086500CE88F0 /* MPConnectionManager.swift in Sources */,
				F0715FB329D133B200DE6A5C /* GameView.swift in Sources */,
				F071605E29D3E23F00DE6A5C /* GameSquare.swift in Sources */,
				F071606029D3E49C00DE6A5C /* SquareView.swift in Sources */,
			);
			runOnlyForDeploymentPostprocessing = 0;
		};
		F04E442F29C533D600D02AFA /* Sources */ = {
			isa = PBXSourcesBuildPhase;
			buildActionMask = 2147483647;
			files = (
			);
			runOnlyForDeploymentPostprocessing = 0;
		};
		F04E443929C533D600D02AFA /* Sources */ = {
			isa = PBXSourcesBuildPhase;
			buildActionMask = 2147483647;
			files = (
			);
			runOnlyForDeploymentPostprocessing = 0;
		};
/* End PBXSourcesBuildPhase section */

/* Begin PBXTargetDependency section */
		F04E443529C533D600D02AFA /* PBXTargetDependency */ = {
			isa = PBXTargetDependency;
			target = F04E442229C533D500D02AFA /* Tic Tac Toe */;
			targetProxy = F04E443429C533D600D02AFA /* PBXContainerItemProxy */;
		};
		F04E443F29C533D600D02AFA /* PBXTargetDependency */ = {
			isa = PBXTargetDependency;
			target = F04E442229C533D500D02AFA /* Tic Tac Toe */;
			targetProxy = F04E443E29C533D600D02AFA /* PBXContainerItemProxy */;
		};
/* End PBXTargetDependency section */

/* Begin XCBuildConfiguration section */
		F04E444529C533D600D02AFA /* Debug */ = {
			isa = XCBuildConfiguration;
			buildSettings = {
				ALWAYS_SEARCH_USER_PATHS = NO;
				CLANG_ANALYZER_NONNULL = YES;
				CLANG_ANALYZER_NUMBER_OBJECT_CONVERSION = YES_AGGRESSIVE;
				CLANG_CXX_LANGUAGE_STANDARD = "gnu++20";
				CLANG_ENABLE_MODULES = YES;
				CLANG_ENABLE_OBJC_ARC = YES;
				CLANG_ENABLE_OBJC_WEAK = YES;
				CLANG_WARN_BLOCK_CAPTURE_AUTORELEASING = YES;
				CLANG_WARN_BOOL_CONVERSION = YES;
				CLANG_WARN_COMMA = YES;
				CLANG_WARN_CONSTANT_CONVERSION = YES;
				CLANG_WARN_DEPRECATED_OBJC_IMPLEMENTATIONS = YES;
				CLANG_WARN_DIRECT_OBJC_ISA_USAGE = YES_ERROR;
				CLANG_WARN_DOCUMENTATION_COMMENTS = YES;
				CLANG_WARN_EMPTY_BODY = YES;
				CLANG_WARN_ENUM_CONVERSION = YES;
				CLANG_WARN_INFINITE_RECURSION = YES;
				CLANG_WARN_INT_CONVERSION = YES;
				CLANG_WARN_NON_LITERAL_NULL_CONVERSION = YES;
				CLANG_WARN_OBJC_IMPLICIT_RETAIN_SELF = YES;
				CLANG_WARN_OBJC_LITERAL_CONVERSION = YES;
				CLANG_WARN_OBJC_ROOT_CLASS = YES_ERROR;
				CLANG_WARN_QUOTED_INCLUDE_IN_FRAMEWORK_HEADER = YES;
				CLANG_WARN_RANGE_LOOP_ANALYSIS = YES;
				CLANG_WARN_STRICT_PROTOTYPES = YES;
				CLANG_WARN_SUSPICIOUS_MOVE = YES;
				CLANG_WARN_UNGUARDED_AVAILABILITY = YES_AGGRESSIVE;
				CLANG_WARN_UNREACHABLE_CODE = YES;
				CLANG_WARN__DUPLICATE_METHOD_MATCH = YES;
				COPY_PHASE_STRIP = NO;
				DEBUG_INFORMATION_FORMAT = dwarf;
				ENABLE_STRICT_OBJC_MSGSEND = YES;
				ENABLE_TESTABILITY = YES;
				GCC_C_LANGUAGE_STANDARD = gnu11;
				GCC_DYNAMIC_NO_PIC = NO;
				GCC_NO_COMMON_BLOCKS = YES;
				GCC_OPTIMIZATION_LEVEL = 0;
				GCC_PREPROCESSOR_DEFINITIONS = (
					"DEBUG=1",
					"$(inherited)",
				);
				GCC_WARN_64_TO_32_BIT_CONVERSION = YES;
				GCC_WARN_ABOUT_RETURN_TYPE = YES_ERROR;
				GCC_WARN_UNDECLARED_SELECTOR = YES;
				GCC_WARN_UNINITIALIZED_AUTOS = YES_AGGRESSIVE;
				GCC_WARN_UNUSED_FUNCTION = YES;
				GCC_WARN_UNUSED_VARIABLE = YES;
				IPHONEOS_DEPLOYMENT_TARGET = 15.0;
				MTL_ENABLE_DEBUG_INFO = INCLUDE_SOURCE;
				MTL_FAST_MATH = YES;
				ONLY_ACTIVE_ARCH = YES;
				SDKROOT = iphoneos;
				SWIFT_ACTIVE_COMPILATION_CONDITIONS = DEBUG;
				SWIFT_OPTIMIZATION_LEVEL = "-Onone";
			};
			name = Debug;
		};
		F04E444629C533D600D02AFA /* Release */ = {
			isa = XCBuildConfiguration;
			buildSettings = {
				ALWAYS_SEARCH_USER_PATHS = NO;
				CLANG_ANALYZER_NONNULL = YES;
				CLANG_ANALYZER_NUMBER_OBJECT_CONVERSION = YES_AGGRESSIVE;
				CLANG_CXX_LANGUAGE_STANDARD = "gnu++20";
				CLANG_ENABLE_MODULES = YES;
				CLANG_ENABLE_OBJC_ARC = YES;
				CLANG_ENABLE_OBJC_WEAK = YES;
				CLANG_WARN_BLOCK_CAPTURE_AUTORELEASING = YES;
				CLANG_WARN_BOOL_CONVERSION = YES;
				CLANG_WARN_COMMA = YES;
				CLANG_WARN_CONSTANT_CONVERSION = YES;
				CLANG_WARN_DEPRECATED_OBJC_IMPLEMENTATIONS = YES;
				CLANG_WARN_DIRECT_OBJC_ISA_USAGE = YES_ERROR;
				CLANG_WARN_DOCUMENTATION_COMMENTS = YES;
				CLANG_WARN_EMPTY_BODY = YES;
				CLANG_WARN_ENUM_CONVERSION = YES;
				CLANG_WARN_INFINITE_RECURSION = YES;
				CLANG_WARN_INT_CONVERSION = YES;
				CLANG_WARN_NON_LITERAL_NULL_CONVERSION = YES;
				CLANG_WARN_OBJC_IMPLICIT_RETAIN_SELF = YES;
				CLANG_WARN_OBJC_LITERAL_CONVERSION = YES;
				CLANG_WARN_OBJC_ROOT_CLASS = YES_ERROR;
				CLANG_WARN_QUOTED_INCLUDE_IN_FRAMEWORK_HEADER = YES;
				CLANG_WARN_RANGE_LOOP_ANALYSIS = YES;
				CLANG_WARN_STRICT_PROTOTYPES = YES;
				CLANG_WARN_SUSPICIOUS_MOVE = YES;
				CLANG_WARN_UNGUARDED_AVAILABILITY = YES_AGGRESSIVE;
				CLANG_WARN_UNREACHABLE_CODE = YES;
				CLANG_WARN__DUPLICATE_METHOD_MATCH = YES;
				COPY_PHASE_STRIP = NO;
				DEBUG_INFORMATION_FORMAT = "dwarf-with-dsym";
				ENABLE_NS_ASSERTIONS = NO;
				ENABLE_STRICT_OBJC_MSGSEND = YES;
				GCC_C_LANGUAGE_STANDARD = gnu11;
				GCC_NO_COMMON_BLOCKS = YES;
				GCC_WARN_64_TO_32_BIT_CONVERSION = YES;
				GCC_WARN_ABOUT_RETURN_TYPE = YES_ERROR;
				GCC_WARN_UNDECLARED_SELECTOR = YES;
				GCC_WARN_UNINITIALIZED_AUTOS = YES_AGGRESSIVE;
				GCC_WARN_UNUSED_FUNCTION = YES;
				GCC_WARN_UNUSED_VARIABLE = YES;
				IPHONEOS_DEPLOYMENT_TARGET = 15.0;
				MTL_ENABLE_DEBUG_INFO = NO;
				MTL_FAST_MATH = YES;
				SDKROOT = iphoneos;
				SWIFT_COMPILATION_MODE = wholemodule;
				SWIFT_OPTIMIZATION_LEVEL = "-O";
				VALIDATE_PRODUCT = YES;
			};
			name = Release;
		};
		F04E444829C533D600D02AFA /* Debug */ = {
			isa = XCBuildConfiguration;
			buildSettings = {
				ASSETCATALOG_COMPILER_GLOBAL_ACCENT_COLOR_NAME = AccentColor;
				CODE_SIGN_STYLE = Automatic;
				CURRENT_PROJECT_VERSION = 1;
				DEVELOPMENT_ASSET_PATHS = "\"Tic Tac Toe/Preview Content\"";
				ENABLE_PREVIEWS = YES;
				GENERATE_INFOPLIST_FILE = YES;
				INFOPLIST_FILE = "Tic-Tac-Toe-Info.plist";
				INFOPLIST_KEY_NSLocalNetworkUsageDescription = "Would like to play tic tac toe";
				INFOPLIST_KEY_UIApplicationSceneManifest_Generation = YES;
				INFOPLIST_KEY_UIApplicationSupportsIndirectInputEvents = YES;
				INFOPLIST_KEY_UILaunchScreen_Generation = YES;
				INFOPLIST_KEY_UILaunchStoryboardName = "Launch Screen.storyboard";
				INFOPLIST_KEY_UISupportedInterfaceOrientations = "UIInterfaceOrientationLandscapeRight UIInterfaceOrientationPortrait";
				INFOPLIST_KEY_UISupportedInterfaceOrientations_iPad = "UIInterfaceOrientationLandscapeLeft UIInterfaceOrientationLandscapeRight UIInterfaceOrientationPortrait UIInterfaceOrientationPortraitUpsideDown";
				IPHONEOS_DEPLOYMENT_TARGET = 15.0;
				LD_RUNPATH_SEARCH_PATHS = (
					"$(inherited)",
					"@executable_path/Frameworks",
				);
				MARKETING_VERSION = 1.0;
				PRODUCT_BUNDLE_IDENTIFIER = "irisgalgal.Tic-Tac-Toe";
				PRODUCT_NAME = "$(TARGET_NAME)";
				SWIFT_EMIT_LOC_STRINGS = YES;
				SWIFT_VERSION = 5.0;
				TARGETED_DEVICE_FAMILY = "1,2";
			};
			name = Debug;
		};
		F04E444929C533D600D02AFA /* Release */ = {
			isa = XCBuildConfiguration;
			buildSettings = {
				ASSETCATALOG_COMPILER_GLOBAL_ACCENT_COLOR_NAME = AccentColor;
				CODE_SIGN_STYLE = Automatic;
				CURRENT_PROJECT_VERSION = 1;
				DEVELOPMENT_ASSET_PATHS = "\"Tic Tac Toe/Preview Content\"";
				ENABLE_PREVIEWS = YES;
				GENERATE_INFOPLIST_FILE = YES;
				INFOPLIST_FILE = "Tic-Tac-Toe-Info.plist";
				INFOPLIST_KEY_NSLocalNetworkUsageDescription = "Would like to play tic tac toe";
				INFOPLIST_KEY_UIApplicationSceneManifest_Generation = YES;
				INFOPLIST_KEY_UIApplicationSupportsIndirectInputEvents = YES;
				INFOPLIST_KEY_UILaunchScreen_Generation = YES;
				INFOPLIST_KEY_UILaunchStoryboardName = "Launch Screen.storyboard";
				INFOPLIST_KEY_UISupportedInterfaceOrientations = "UIInterfaceOrientationLandscapeRight UIInterfaceOrientationPortrait";
				INFOPLIST_KEY_UISupportedInterfaceOrientations_iPad = "UIInterfaceOrientationLandscapeLeft UIInterfaceOrientationLandscapeRight UIInterfaceOrientationPortrait UIInterfaceOrientationPortraitUpsideDown";
				IPHONEOS_DEPLOYMENT_TARGET = 15.0;
				LD_RUNPATH_SEARCH_PATHS = (
					"$(inherited)",
					"@executable_path/Frameworks",
				);
				MARKETING_VERSION = 1.0;
				PRODUCT_BUNDLE_IDENTIFIER = "irisgalgal.Tic-Tac-Toe";
				PRODUCT_NAME = "$(TARGET_NAME)";
				SWIFT_EMIT_LOC_STRINGS = YES;
				SWIFT_VERSION = 5.0;
				TARGETED_DEVICE_FAMILY = "1,2";
			};
			name = Release;
		};
		F04E444B29C533D600D02AFA /* Debug */ = {
			isa = XCBuildConfiguration;
			buildSettings = {
				ALWAYS_EMBED_SWIFT_STANDARD_LIBRARIES = YES;
				BUNDLE_LOADER = "$(TEST_HOST)";
				CODE_SIGN_STYLE = Automatic;
				CURRENT_PROJECT_VERSION = 1;
				GENERATE_INFOPLIST_FILE = YES;
				IPHONEOS_DEPLOYMENT_TARGET = 16.2;
				MARKETING_VERSION = 1.0;
				PRODUCT_BUNDLE_IDENTIFIER = "irisgalgal.Tic-Tac-ToeTests";
				PRODUCT_NAME = "$(TARGET_NAME)";
				SWIFT_EMIT_LOC_STRINGS = NO;
				SWIFT_VERSION = 5.0;
				TARGETED_DEVICE_FAMILY = "1,2";
				TEST_HOST = "$(BUILT_PRODUCTS_DIR)/Tic Tac Toe.app/$(BUNDLE_EXECUTABLE_FOLDER_PATH)/Tic Tac Toe";
			};
			name = Debug;
		};
		F04E444C29C533D600D02AFA /* Release */ = {
			isa = XCBuildConfiguration;
			buildSettings = {
				ALWAYS_EMBED_SWIFT_STANDARD_LIBRARIES = YES;
				BUNDLE_LOADER = "$(TEST_HOST)";
				CODE_SIGN_STYLE = Automatic;
				CURRENT_PROJECT_VERSION = 1;
				GENERATE_INFOPLIST_FILE = YES;
				IPHONEOS_DEPLOYMENT_TARGET = 16.2;
				MARKETING_VERSION = 1.0;
				PRODUCT_BUNDLE_IDENTIFIER = "irisgalgal.Tic-Tac-ToeTests";
				PRODUCT_NAME = "$(TARGET_NAME)";
				SWIFT_EMIT_LOC_STRINGS = NO;
				SWIFT_VERSION = 5.0;
				TARGETED_DEVICE_FAMILY = "1,2";
				TEST_HOST = "$(BUILT_PRODUCTS_DIR)/Tic Tac Toe.app/$(BUNDLE_EXECUTABLE_FOLDER_PATH)/Tic Tac Toe";
			};
			name = Release;
		};
		F04E444E29C533D600D02AFA /* Debug */ = {
			isa = XCBuildConfiguration;
			buildSettings = {
				ALWAYS_EMBED_SWIFT_STANDARD_LIBRARIES = YES;
				CODE_SIGN_STYLE = Automatic;
				CURRENT_PROJECT_VERSION = 1;
				GENERATE_INFOPLIST_FILE = YES;
				MARKETING_VERSION = 1.0;
				PRODUCT_BUNDLE_IDENTIFIER = "irisgalgal.Tic-Tac-ToeUITests";
				PRODUCT_NAME = "$(TARGET_NAME)";
				SWIFT_EMIT_LOC_STRINGS = NO;
				SWIFT_VERSION = 5.0;
				TARGETED_DEVICE_FAMILY = "1,2";
				TEST_TARGET_NAME = "Tic Tac Toe";
			};
			name = Debug;
		};
		F04E444F29C533D600D02AFA /* Release */ = {
			isa = XCBuildConfiguration;
			buildSettings = {
				ALWAYS_EMBED_SWIFT_STANDARD_LIBRARIES = YES;
				CODE_SIGN_STYLE = Automatic;
				CURRENT_PROJECT_VERSION = 1;
				GENERATE_INFOPLIST_FILE = YES;
				MARKETING_VERSION = 1.0;
				PRODUCT_BUNDLE_IDENTIFIER = "irisgalgal.Tic-Tac-ToeUITests";
				PRODUCT_NAME = "$(TARGET_NAME)";
				SWIFT_EMIT_LOC_STRINGS = NO;
				SWIFT_VERSION = 5.0;
				TARGETED_DEVICE_FAMILY = "1,2";
				TEST_TARGET_NAME = "Tic Tac Toe";
			};
			name = Release;
		};
/* End XCBuildConfiguration section */

/* Begin XCConfigurationList section */
		F04E441E29C533D500D02AFA /* Build configuration list for PBXProject "Tic Tac Toe" */ = {
			isa = XCConfigurationList;
			buildConfigurations = (
				F04E444529C533D600D02AFA /* Debug */,
				F04E444629C533D600D02AFA /* Release */,
			);
			defaultConfigurationIsVisible = 0;
			defaultConfigurationName = Release;
		};
		F04E444729C533D600D02AFA /* Build configuration list for PBXNativeTarget "Tic Tac Toe" */ = {
			isa = XCConfigurationList;
			buildConfigurations = (
				F04E444829C533D600D02AFA /* Debug */,
				F04E444929C533D600D02AFA /* Release */,
			);
			defaultConfigurationIsVisible = 0;
			defaultConfigurationName = Release;
		};
		F04E444A29C533D600D02AFA /* Build configuration list for PBXNativeTarget "Tic Tac ToeTests" */ = {
			isa = XCConfigurationList;
			buildConfigurations = (
				F04E444B29C533D600D02AFA /* Debug */,
				F04E444C29C533D600D02AFA /* Release */,
			);
			defaultConfigurationIsVisible = 0;
			defaultConfigurationName = Release;
		};
		F04E444D29C533D600D02AFA /* Build configuration list for PBXNativeTarget "Tic Tac ToeUITests" */ = {
			isa = XCConfigurationList;
			buildConfigurations = (
				F04E444E29C533D600D02AFA /* Debug */,
				F04E444F29C533D600D02AFA /* Release */,
			);
			defaultConfigurationIsVisible = 0;
			defaultConfigurationName = Release;
		};
/* End XCConfigurationList section */
	};
	rootObject = F04E441B29C533D500D02AFA /* Project object */;
}
